// !$*UTF8*$!
{
	archiveVersion = 1;
	classes = {
	};
	objectVersion = 77;
	objects = {

/* Begin PBXContainerItemProxy section */
		3A25F65C2EE2D55F0067270C /* PBXContainerItemProxy */ = {
			isa = PBXContainerItemProxy;
			containerPortal = 3A25F6462EE2D55D0067270C /* Project object */;
			proxyType = 1;
			remoteGlobalIDString = 3A25F64D2EE2D55D0067270C;
			remoteInfo = plactice;
		};
		3A25F6662EE2D55F0067270C /* PBXContainerItemProxy */ = {
			isa = PBXContainerItemProxy;
			containerPortal = 3A25F6462EE2D55D0067270C /* Project object */;
			proxyType = 1;
			remoteGlobalIDString = 3A25F64D2EE2D55D0067270C;
			remoteInfo = plactice;
		};
/* End PBXContainerItemProxy section */

/* Begin PBXFileReference section */
		3A25F64E2EE2D55D0067270C /* placticeSwiftUI.app */ = {isa = PBXFileReference; explicitFileType = wrapper.application; includeInIndex = 0; path = placticeSwiftUI.app; sourceTree = BUILT_PRODUCTS_DIR; };
		3A25F65B2EE2D55F0067270C /* placticeSwiftUITests.xctest */ = {isa = PBXFileReference; explicitFileType = wrapper.cfbundle; includeInIndex = 0; path = placticeSwiftUITests.xctest; sourceTree = BUILT_PRODUCTS_DIR; };
		3A25F6652EE2D55F0067270C /* placticeSwiftUIUITests.xctest */ = {isa = PBXFileReference; explicitFileType = wrapper.cfbundle; includeInIndex = 0; path = placticeSwiftUIUITests.xctest; sourceTree = BUILT_PRODUCTS_DIR; };
/* End PBXFileReference section */

/* Begin PBXFileSystemSynchronizedRootGroup section */
		3A25F6502EE2D55D0067270C /* plactice */ = {
			isa = PBXFileSystemSynchronizedRootGroup;
			path = plactice;
			sourceTree = "<group>";
		};
		3A25F65E2EE2D55F0067270C /* placticeTests */ = {
			isa = PBXFileSystemSynchronizedRootGroup;
			path = placticeTests;
			sourceTree = "<group>";
		};
		3A25F6682EE2D55F0067270C /* placticeUITests */ = {
			isa = PBXFileSystemSynchronizedRootGroup;
			path = placticeUITests;
			sourceTree = "<group>";
		};
/* End PBXFileSystemSynchronizedRootGroup section */

/* Begin PBXFrameworksBuildPhase section */
		3A25F64B2EE2D55D0067270C /* Frameworks */ = {
			isa = PBXFrameworksBuildPhase;
			buildActionMask = 2147483647;
			files = (
			);
			runOnlyForDeploymentPostprocessing = 0;
		};
		3A25F6582EE2D55F0067270C /* Frameworks */ = {
			isa = PBXFrameworksBuildPhase;
			buildActionMask = 2147483647;
			files = (
			);
			runOnlyForDeploymentPostprocessing = 0;
		};
		3A25F6622EE2D55F0067270C /* Frameworks */ = {
			isa = PBXFrameworksBuildPhase;
			buildActionMask = 2147483647;
			files = (
			);
			runOnlyForDeploymentPostprocessing = 0;
		};
/* End PBXFrameworksBuildPhase section */

/* Begin PBXGroup section */
		3A25F6452EE2D55D0067270C = {
			isa = PBXGroup;
			children = (
				3A25F6502EE2D55D0067270C /* plactice */,
				3A25F65E2EE2D55F0067270C /* placticeTests */,
				3A25F6682EE2D55F0067270C /* placticeUITests */,
				3A25F64F2EE2D55D0067270C /* Products */,
			);
			sourceTree = "<group>";
		};
		3A25F64F2EE2D55D0067270C /* Products */ = {
			isa = PBXGroup;
			children = (
				3A25F64E2EE2D55D0067270C /* placticeSwiftUI.app */,
				3A25F65B2EE2D55F0067270C /* placticeSwiftUITests.xctest */,
				3A25F6652EE2D55F0067270C /* placticeSwiftUIUITests.xctest */,
			);
			name = Products;
			sourceTree = "<group>";
		};
/* End PBXGroup section */

/* Begin PBXNativeTarget section */
		3A25F64D2EE2D55D0067270C /* placticeSwiftUI */ = {
			isa = PBXNativeTarget;
			buildConfigurationList = 3A25F66F2EE2D55F0067270C /* Build configuration list for PBXNativeTarget "placticeSwiftUI" */;
			buildPhases = (
				3A25F64A2EE2D55D0067270C /* Sources */,
				3A25F64B2EE2D55D0067270C /* Frameworks */,
				3A25F64C2EE2D55D0067270C /* Resources */,
			);
			buildRules = (
			);
			dependencies = (
			);
			fileSystemSynchronizedGroups = (
				3A25F6502EE2D55D0067270C /* plactice */,
			);
			name = placticeSwiftUI;
			packageProductDependencies = (
			);
			productName = plactice;
			productReference = 3A25F64E2EE2D55D0067270C /* placticeSwiftUI.app */;
			productType = "com.apple.product-type.application";
		};
		3A25F65A2EE2D55F0067270C /* placticeSwiftUITests */ = {
			isa = PBXNativeTarget;
			buildConfigurationList = 3A25F6722EE2D55F0067270C /* Build configuration list for PBXNativeTarget "placticeSwiftUITests" */;
			buildPhases = (
				3A25F6572EE2D55F0067270C /* Sources */,
				3A25F6582EE2D55F0067270C /* Frameworks */,
				3A25F6592EE2D55F0067270C /* Resources */,
			);
			buildRules = (
			);
			dependencies = (
				3A25F65D2EE2D55F0067270C /* PBXTargetDependency */,
			);
			fileSystemSynchronizedGroups = (
				3A25F65E2EE2D55F0067270C /* placticeTests */,
			);
			name = placticeSwiftUITests;
			packageProductDependencies = (
			);
			productName = placticeTests;
			productReference = 3A25F65B2EE2D55F0067270C /* placticeSwiftUITests.xctest */;
			productType = "com.apple.product-type.bundle.unit-test";
		};
		3A25F6642EE2D55F0067270C /* placticeSwiftUIUITests */ = {
			isa = PBXNativeTarget;
			buildConfigurationList = 3A25F6752EE2D55F0067270C /* Build configuration list for PBXNativeTarget "placticeSwiftUIUITests" */;
			buildPhases = (
				3A25F6612EE2D55F0067270C /* Sources */,
				3A25F6622EE2D55F0067270C /* Frameworks */,
				3A25F6632EE2D55F0067270C /* Resources */,
			);
			buildRules = (
			);
			dependencies = (
				3A25F6672EE2D55F0067270C /* PBXTargetDependency */,
			);
			fileSystemSynchronizedGroups = (
				3A25F6682EE2D55F0067270C /* placticeUITests */,
			);
			name = placticeSwiftUIUITests;
			packageProductDependencies = (
			);
			productName = placticeUITests;
			productReference = 3A25F6652EE2D55F0067270C /* placticeSwiftUIUITests.xctest */;
			productType = "com.apple.product-type.bundle.ui-testing";
		};
/* End PBXNativeTarget section */

/* Begin PBXProject section */
		3A25F6462EE2D55D0067270C /* Project object */ = {
			isa = PBXProject;
			attributes = {
				BuildIndependentTargetsInParallel = 1;
				LastSwiftUpdateCheck = 1630;
				LastUpgradeCheck = 1630;
				TargetAttributes = {
					3A25F64D2EE2D55D0067270C = {
						CreatedOnToolsVersion = 16.3;
					};
					3A25F65A2EE2D55F0067270C = {
						CreatedOnToolsVersion = 16.3;
						TestTargetID = 3A25F64D2EE2D55D0067270C;
					};
					3A25F6642EE2D55F0067270C = {
						CreatedOnToolsVersion = 16.3;
						TestTargetID = 3A25F64D2EE2D55D0067270C;
					};
				};
			};
			buildConfigurationList = 3A25F6492EE2D55D0067270C /* Build configuration list for PBXProject "placticeSwiftUI" */;
			developmentRegion = en;
			hasScannedForEncodings = 0;
			knownRegions = (
				en,
				Base,
			);
			mainGroup = 3A25F6452EE2D55D0067270C;
			minimizedProjectReferenceProxies = 1;
			preferredProjectObjectVersion = 77;
			productRefGroup = 3A25F64F2EE2D55D0067270C /* Products */;
			projectDirPath = "";
			projectRoot = "";
			targets = (
				3A25F64D2EE2D55D0067270C /* placticeSwiftUI */,
				3A25F65A2EE2D55F0067270C /* placticeSwiftUITests */,
				3A25F6642EE2D55F0067270C /* placticeSwiftUIUITests */,
			);
		};
/* End PBXProject section */

/* Begin PBXResourcesBuildPhase section */
		3A25F64C2EE2D55D0067270C /* Resources */ = {
			isa = PBXResourcesBuildPhase;
			buildActionMask = 2147483647;
			files = (
			);
			runOnlyForDeploymentPostprocessing = 0;
		};
		3A25F6592EE2D55F0067270C /* Resources */ = {
			isa = PBXResourcesBuildPhase;
			buildActionMask = 2147483647;
			files = (
			);
			runOnlyForDeploymentPostprocessing = 0;
		};
		3A25F6632EE2D55F0067270C /* Resources */ = {
			isa = PBXResourcesBuildPhase;
			buildActionMask = 2147483647;
			files = (
			);
			runOnlyForDeploymentPostprocessing = 0;
		};
/* End PBXResourcesBuildPhase section */

/* Begin PBXSourcesBuildPhase section */
		3A25F64A2EE2D55D0067270C /* Sources */ = {
			isa = PBXSourcesBuildPhase;
			buildActionMask = 2147483647;
			files = (
			);
			runOnlyForDeploymentPostprocessing = 0;
		};
		3A25F6572EE2D55F0067270C /* Sources */ = {
			isa = PBXSourcesBuildPhase;
			buildActionMask = 2147483647;
			files = (
			);
			runOnlyForDeploymentPostprocessing = 0;
		};
		3A25F6612EE2D55F0067270C /* Sources */ = {
			isa = PBXSourcesBuildPhase;
			buildActionMask = 2147483647;
			files = (
			);
			runOnlyForDeploymentPostprocessing = 0;
		};
/* End PBXSourcesBuildPhase section */

/* Begin PBXTargetDependency section */
		3A25F65D2EE2D55F0067270C /* PBXTargetDependency */ = {
			isa = PBXTargetDependency;
			target = 3A25F64D2EE2D55D0067270C /* placticeSwiftUI */;
			targetProxy = 3A25F65C2EE2D55F0067270C /* PBXContainerItemProxy */;
		};
		3A25F6672EE2D55F0067270C /* PBXTargetDependency */ = {
			isa = PBXTargetDependency;
			target = 3A25F64D2EE2D55D0067270C /* placticeSwiftUI */;
			targetProxy = 3A25F6662EE2D55F0067270C /* PBXContainerItemProxy */;
		};
/* End PBXTargetDependency section */

/* Begin XCBuildConfiguration section */
		3A25F66D2EE2D55F0067270C /* Debug */ = {
			isa = XCBuildConfiguration;
			buildSettings = {
				ALWAYS_SEARCH_USER_PATHS = NO;
				ASSETCATALOG_COMPILER_GENERATE_SWIFT_ASSET_SYMBOL_EXTENSIONS = YES;
				CLANG_ANALYZER_NONNULL = YES;
				CLANG_ANALYZER_NUMBER_OBJECT_CONVERSION = YES_AGGRESSIVE;
				CLANG_CXX_LANGUAGE_STANDARD = "gnu++20";
				CLANG_ENABLE_MODULES = YES;
				CLANG_ENABLE_OBJC_ARC = YES;
				CLANG_ENABLE_OBJC_WEAK = YES;
				CLANG_WARN_BLOCK_CAPTURE_AUTORELEASING = YES;
				CLANG_WARN_BOOL_CONVERSION = YES;
				CLANG_WARN_COMMA = YES;
				CLANG_WARN_CONSTANT_CONVERSION = YES;
				CLANG_WARN_DEPRECATED_OBJC_IMPLEMENTATIONS = YES;
				CLANG_WARN_DIRECT_OBJC_ISA_USAGE = YES_ERROR;
				CLANG_WARN_DOCUMENTATION_COMMENTS = YES;
				CLANG_WARN_EMPTY_BODY = YES;
				CLANG_WARN_ENUM_CONVERSION = YES;
				CLANG_WARN_INFINITE_RECURSION = YES;
				CLANG_WARN_INT_CONVERSION = YES;
				CLANG_WARN_NON_LITERAL_NULL_CONVERSION = YES;
				CLANG_WARN_OBJC_IMPLICIT_RETAIN_SELF = YES;
				CLANG_WARN_OBJC_LITERAL_CONVERSION = YES;
				CLANG_WARN_OBJC_ROOT_CLASS = YES_ERROR;
				CLANG_WARN_QUOTED_INCLUDE_IN_FRAMEWORK_HEADER = YES;
				CLANG_WARN_RANGE_LOOP_ANALYSIS = YES;
				CLANG_WARN_STRICT_PROTOTYPES = YES;
				CLANG_WARN_SUSPICIOUS_MOVE = YES;
				CLANG_WARN_UNGUARDED_AVAILABILITY = YES_AGGRESSIVE;
				CLANG_WARN_UNREACHABLE_CODE = YES;
				CLANG_WARN__DUPLICATE_METHOD_MATCH = YES;
				COPY_PHASE_STRIP = NO;
				DEBUG_INFORMATION_FORMAT = dwarf;
				DEVELOPMENT_TEAM = DN7AH5U644;
				ENABLE_STRICT_OBJC_MSGSEND = YES;
				ENABLE_TESTABILITY = YES;
				ENABLE_USER_SCRIPT_SANDBOXING = YES;
				GCC_C_LANGUAGE_STANDARD = gnu17;
				GCC_DYNAMIC_NO_PIC = NO;
				GCC_NO_COMMON_BLOCKS = YES;
				GCC_OPTIMIZATION_LEVEL = 0;
				GCC_PREPROCESSOR_DEFINITIONS = (
					"DEBUG=1",
					"$(inherited)",
				);
				GCC_WARN_64_TO_32_BIT_CONVERSION = YES;
				GCC_WARN_ABOUT_RETURN_TYPE = YES_ERROR;
				GCC_WARN_UNDECLARED_SELECTOR = YES;
				GCC_WARN_UNINITIALIZED_AUTOS = YES_AGGRESSIVE;
				GCC_WARN_UNUSED_FUNCTION = YES;
				GCC_WARN_UNUSED_VARIABLE = YES;
				IPHONEOS_DEPLOYMENT_TARGET = 18.4;
				LOCALIZATION_PREFERS_STRING_CATALOGS = YES;
				MTL_ENABLE_DEBUG_INFO = INCLUDE_SOURCE;
				MTL_FAST_MATH = YES;
				ONLY_ACTIVE_ARCH = YES;
				SDKROOT = iphoneos;
				SWIFT_ACTIVE_COMPILATION_CONDITIONS = "DEBUG $(inherited)";
				SWIFT_OPTIMIZATION_LEVEL = "-Onone";
			};
			name = Debug;
		};
		3A25F66E2EE2D55F0067270C /* Release */ = {
			isa = XCBuildConfiguration;
			buildSettings = {
				ALWAYS_SEARCH_USER_PATHS = NO;
				ASSETCATALOG_COMPILER_GENERATE_SWIFT_ASSET_SYMBOL_EXTENSIONS = YES;
				CLANG_ANALYZER_NONNULL = YES;
				CLANG_ANALYZER_NUMBER_OBJECT_CONVERSION = YES_AGGRESSIVE;
				CLANG_CXX_LANGUAGE_STANDARD = "gnu++20";
				CLANG_ENABLE_MODULES = YES;
				CLANG_ENABLE_OBJC_ARC = YES;
				CLANG_ENABLE_OBJC_WEAK = YES;
				CLANG_WARN_BLOCK_CAPTURE_AUTORELEASING = YES;
				CLANG_WARN_BOOL_CONVERSION = YES;
				CLANG_WARN_COMMA = YES;
				CLANG_WARN_CONSTANT_CONVERSION = YES;
				CLANG_WARN_DEPRECATED_OBJC_IMPLEMENTATIONS = YES;
				CLANG_WARN_DIRECT_OBJC_ISA_USAGE = YES_ERROR;
				CLANG_WARN_DOCUMENTATION_COMMENTS = YES;
				CLANG_WARN_EMPTY_BODY = YES;
				CLANG_WARN_ENUM_CONVERSION = YES;
				CLANG_WARN_INFINITE_RECURSION = YES;
				CLANG_WARN_INT_CONVERSION = YES;
				CLANG_WARN_NON_LITERAL_NULL_CONVERSION = YES;
				CLANG_WARN_OBJC_IMPLICIT_RETAIN_SELF = YES;
				CLANG_WARN_OBJC_LITERAL_CONVERSION = YES;
				CLANG_WARN_OBJC_ROOT_CLASS = YES_ERROR;
				CLANG_WARN_QUOTED_INCLUDE_IN_FRAMEWORK_HEADER = YES;
				CLANG_WARN_RANGE_LOOP_ANALYSIS = YES;
				CLANG_WARN_STRICT_PROTOTYPES = YES;
				CLANG_WARN_SUSPICIOUS_MOVE = YES;
				CLANG_WARN_UNGUARDED_AVAILABILITY = YES_AGGRESSIVE;
				CLANG_WARN_UNREACHABLE_CODE = YES;
				CLANG_WARN__DUPLICATE_METHOD_MATCH = YES;
				COPY_PHASE_STRIP = NO;
				DEBUG_INFORMATION_FORMAT = "dwarf-with-dsym";
				DEVELOPMENT_TEAM = DN7AH5U644;
				ENABLE_NS_ASSERTIONS = NO;
				ENABLE_STRICT_OBJC_MSGSEND = YES;
				ENABLE_USER_SCRIPT_SANDBOXING = YES;
				GCC_C_LANGUAGE_STANDARD = gnu17;
				GCC_NO_COMMON_BLOCKS = YES;
				GCC_WARN_64_TO_32_BIT_CONVERSION = YES;
				GCC_WARN_ABOUT_RETURN_TYPE = YES_ERROR;
				GCC_WARN_UNDECLARED_SELECTOR = YES;
				GCC_WARN_UNINITIALIZED_AUTOS = YES_AGGRESSIVE;
				GCC_WARN_UNUSED_FUNCTION = YES;
				GCC_WARN_UNUSED_VARIABLE = YES;
				IPHONEOS_DEPLOYMENT_TARGET = 18.4;
				LOCALIZATION_PREFERS_STRING_CATALOGS = YES;
				MTL_ENABLE_DEBUG_INFO = NO;
				MTL_FAST_MATH = YES;
				SDKROOT = iphoneos;
				SWIFT_COMPILATION_MODE = wholemodule;
				VALIDATE_PRODUCT = YES;
			};
			name = Release;
		};
		3A25F6702EE2D55F0067270C /* Debug */ = {
			isa = XCBuildConfiguration;
			buildSettings = {
				ASSETCATALOG_COMPILER_APPICON_NAME = AppIcon;
				ASSETCATALOG_COMPILER_GLOBAL_ACCENT_COLOR_NAME = AccentColor;
				CODE_SIGN_STYLE = Automatic;
				CURRENT_PROJECT_VERSION = 1;
				DEVELOPMENT_TEAM = DN7AH5U644;
				ENABLE_PREVIEWS = YES;
				GENERATE_INFOPLIST_FILE = YES;
				INFOPLIST_KEY_UIApplicationSceneManifest_Generation = YES;
				INFOPLIST_KEY_UIApplicationSupportsIndirectInputEvents = YES;
				INFOPLIST_KEY_UILaunchScreen_Generation = YES;
				INFOPLIST_KEY_UISupportedInterfaceOrientations_iPad = "UIInterfaceOrientationPortrait UIInterfaceOrientationPortraitUpsideDown UIInterfaceOrientationLandscapeLeft UIInterfaceOrientationLandscapeRight";
				INFOPLIST_KEY_UISupportedInterfaceOrientations_iPhone = "UIInterfaceOrientationPortrait UIInterfaceOrientationLandscapeLeft UIInterfaceOrientationLandscapeRight";
				LD_RUNPATH_SEARCH_PATHS = (
					"$(inherited)",
					"@executable_path/Frameworks",
				);
				MARKETING_VERSION = 1.0;
				PRODUCT_BUNDLE_IDENTIFIER = Sakuya.com.plactice;
				PRODUCT_NAME = "$(TARGET_NAME)";
				SWIFT_EMIT_LOC_STRINGS = YES;
				SWIFT_VERSION = 5.0;
				TARGETED_DEVICE_FAMILY = "1,2";
			};
			name = Debug;
		};
		3A25F6712EE2D55F0067270C /* Release */ = {
			isa = XCBuildConfiguration;
			buildSettings = {
				ASSETCATALOG_COMPILER_APPICON_NAME = AppIcon;
				ASSETCATALOG_COMPILER_GLOBAL_ACCENT_COLOR_NAME = AccentColor;
				CODE_SIGN_STYLE = Automatic;
				CURRENT_PROJECT_VERSION = 1;
				DEVELOPMENT_TEAM = DN7AH5U644;
				ENABLE_PREVIEWS = YES;
				GENERATE_INFOPLIST_FILE = YES;
				INFOPLIST_KEY_UIApplicationSceneManifest_Generation = YES;
				INFOPLIST_KEY_UIApplicationSupportsIndirectInputEvents = YES;
				INFOPLIST_KEY_UILaunchScreen_Generation = YES;
				INFOPLIST_KEY_UISupportedInterfaceOrientations_iPad = "UIInterfaceOrientationPortrait UIInterfaceOrientationPortraitUpsideDown UIInterfaceOrientationLandscapeLeft UIInterfaceOrientationLandscapeRight";
				INFOPLIST_KEY_UISupportedInterfaceOrientations_iPhone = "UIInterfaceOrientationPortrait UIInterfaceOrientationLandscapeLeft UIInterfaceOrientationLandscapeRight";
				LD_RUNPATH_SEARCH_PATHS = (
					"$(inherited)",
					"@executable_path/Frameworks",
				);
				MARKETING_VERSION = 1.0;
				PRODUCT_BUNDLE_IDENTIFIER = Sakuya.com.plactice;
				PRODUCT_NAME = "$(TARGET_NAME)";
				SWIFT_EMIT_LOC_STRINGS = YES;
				SWIFT_VERSION = 5.0;
				TARGETED_DEVICE_FAMILY = "1,2";
			};
			name = Release;
		};
		3A25F6732EE2D55F0067270C /* Debug */ = {
			isa = XCBuildConfiguration;
			buildSettings = {
				BUNDLE_LOADER = "$(TEST_HOST)";
				CODE_SIGN_STYLE = Automatic;
				CURRENT_PROJECT_VERSION = 1;
				DEVELOPMENT_TEAM = DN7AH5U644;
				GENERATE_INFOPLIST_FILE = YES;
				IPHONEOS_DEPLOYMENT_TARGET = 18.4;
				MARKETING_VERSION = 1.0;
				PRODUCT_BUNDLE_IDENTIFIER = Sakuya.com.placticeTests;
				PRODUCT_NAME = "$(TARGET_NAME)";
				SWIFT_EMIT_LOC_STRINGS = NO;
				SWIFT_VERSION = 5.0;
				TARGETED_DEVICE_FAMILY = "1,2";
				TEST_HOST = "$(BUILT_PRODUCTS_DIR)/placticeSwiftUI.app/$(BUNDLE_EXECUTABLE_FOLDER_PATH)/placticeSwiftUI";
			};
			name = Debug;
		};
		3A25F6742EE2D55F0067270C /* Release */ = {
			isa = XCBuildConfiguration;
			buildSettings = {
				BUNDLE_LOADER = "$(TEST_HOST)";
				CODE_SIGN_STYLE = Automatic;
				CURRENT_PROJECT_VERSION = 1;
				DEVELOPMENT_TEAM = DN7AH5U644;
				GENERATE_INFOPLIST_FILE = YES;
				IPHONEOS_DEPLOYMENT_TARGET = 18.4;
				MARKETING_VERSION = 1.0;
				PRODUCT_BUNDLE_IDENTIFIER = Sakuya.com.placticeTests;
				PRODUCT_NAME = "$(TARGET_NAME)";
				SWIFT_EMIT_LOC_STRINGS = NO;
				SWIFT_VERSION = 5.0;
				TARGETED_DEVICE_FAMILY = "1,2";
				TEST_HOST = "$(BUILT_PRODUCTS_DIR)/placticeSwiftUI.app/$(BUNDLE_EXECUTABLE_FOLDER_PATH)/placticeSwiftUI";
			};
			name = Release;
		};
		3A25F6762EE2D55F0067270C /* Debug */ = {
			isa = XCBuildConfiguration;
			buildSettings = {
				CODE_SIGN_STYLE = Automatic;
				CURRENT_PROJECT_VERSION = 1;
				DEVELOPMENT_TEAM = DN7AH5U644;
				GENERATE_INFOPLIST_FILE = YES;
				MARKETING_VERSION = 1.0;
				PRODUCT_BUNDLE_IDENTIFIER = Sakuya.com.placticeUITests;
				PRODUCT_NAME = "$(TARGET_NAME)";
				SWIFT_EMIT_LOC_STRINGS = NO;
				SWIFT_VERSION = 5.0;
				TARGETED_DEVICE_FAMILY = "1,2";
				TEST_TARGET_NAME = plactice;
			};
			name = Debug;
		};
		3A25F6772EE2D55F0067270C /* Release */ = {
			isa = XCBuildConfiguration;
			buildSettings = {
				CODE_SIGN_STYLE = Automatic;
				CURRENT_PROJECT_VERSION = 1;
				DEVELOPMENT_TEAM = DN7AH5U644;
				GENERATE_INFOPLIST_FILE = YES;
				MARKETING_VERSION = 1.0;
				PRODUCT_BUNDLE_IDENTIFIER = Sakuya.com.placticeUITests;
				PRODUCT_NAME = "$(TARGET_NAME)";
				SWIFT_EMIT_LOC_STRINGS = NO;
				SWIFT_VERSION = 5.0;
				TARGETED_DEVICE_FAMILY = "1,2";
				TEST_TARGET_NAME = plactice;
			};
			name = Release;
		};
/* End XCBuildConfiguration section */

/* Begin XCConfigurationList section */
		3A25F6492EE2D55D0067270C /* Build configuration list for PBXProject "placticeSwiftUI" */ = {
			isa = XCConfigurationList;
			buildConfigurations = (
				3A25F66D2EE2D55F0067270C /* Debug */,
				3A25F66E2EE2D55F0067270C /* Release */,
			);
			defaultConfigurationIsVisible = 0;
			defaultConfigurationName = Release;
		};
		3A25F66F2EE2D55F0067270C /* Build configuration list for PBXNativeTarget "placticeSwiftUI" */ = {
			isa = XCConfigurationList;
			buildConfigurations = (
				3A25F6702EE2D55F0067270C /* Debug */,
				3A25F6712EE2D55F0067270C /* Release */,
			);
			defaultConfigurationIsVisible = 0;
			defaultConfigurationName = Release;
		};
		3A25F6722EE2D55F0067270C /* Build configuration list for PBXNativeTarget "placticeSwiftUITests" */ = {
			isa = XCConfigurationList;
			buildConfigurations = (
				3A25F6732EE2D55F0067270C /* Debug */,
				3A25F6742EE2D55F0067270C /* Release */,
			);
			defaultConfigurationIsVisible = 0;
			defaultConfigurationName = Release;
		};
		3A25F6752EE2D55F0067270C /* Build configuration list for PBXNativeTarget "placticeSwiftUIUITests" */ = {
			isa = XCConfigurationList;
			buildConfigurations = (
				3A25F6762EE2D55F0067270C /* Debug */,
				3A25F6772EE2D55F0067270C /* Release */,
			);
			defaultConfigurationIsVisible = 0;
			defaultConfigurationName = Release;
		};
/* End XCConfigurationList section */
	};
	rootObject = 3A25F6462EE2D55D0067270C /* Project object */;
}
